lockfileVersion: '9.0'

settings:
  autoInstallPeers: true
  excludeLinksFromLockfile: false

importers:

  .:
    devDependencies:
      oxfmt:
        specifier: ^0.53.0
        version: 0.53.0
      typescript:
        specifier: ^6.0.3
        version: 6.0.3

  basic: {}

  basic-oxc-transform:
    devDependencies:
      oxc-transform:
        specifier: ^0.134.0
        version: 0.134.0

  components: {}

  control-flow: {}

packages:

  '@emnapi/core@1.10.0':
    resolution: {integrity: sha512-yq6OkJ4p82CAfPl0u9mQebQHKPJkY7WrIuk205cTYnYe+k2Z8YBh11FrbRG/H6ihirqcacOgl2BIO8oyMQLeXw==}

  '@emnapi/runtime@1.10.0':
    resolution: {integrity: sha512-ewvYlk86xUoGI0zQRNq/mC+16R1QeDlKQy21Ki3oSYXNgLb45GV1P6A0M+/s6nyCuNDqe5VpaY84BzXGwVbwFA==}

  '@emnapi/wasi-threads@1.2.1':
    resolution: {integrity: sha512-uTII7OYF+/Mes/MrcIOYp5yOtSMLBWSIoLPpcgwipoiKbli6k322tcoFsxoIIxPDqW01SQGAgko4EzZi2BNv2w==}

  '@napi-rs/wasm-runtime@1.1.4':
    resolution: {integrity: sha512-3NQNNgA1YSlJb/kMH1ildASP9HW7/7kYnRI2szWJaofaS1hWmbGI4H+d3+22aGzXXN9IJ+n+GiFVcGipJP18ow==}
    peerDependencies:
      '@emnapi/core': ^1.7.1
      '@emnapi/runtime': ^1.7.1

  '@oxc-transform/binding-android-arm-eabi@0.134.0':
    resolution: {integrity: sha512-0rKVNLLdMlAaVOYSGFyR+aWBBTyeAQTIgaqaFZ8sFiNuiKbuQTcqHI6ega/TDDXe9MyYbnvUGCrpcJd35eKqww==}
    engines: {node: ^20.19.0 || >=22.12.0}
    cpu: [arm]
    os: [android]

  '@oxc-transform/binding-android-arm64@0.134.0':
    resolution: {integrity: sha512-EI1CoPpYD4MJdvc4XtTgcd13vhy9ES9W+KK2D5TiZKtd6UJO8zIHxBDKe/jPMeCEbEqwIogSFukG+WBMOrAZbQ==}
    engines: {node: ^20.19.0 || >=22.12.0}
    cpu: [arm64]
    os: [android]

  '@oxc-transform/binding-darwin-arm64@0.134.0':
    resolution: {integrity: sha512-ftTFOh0tyMhQFqQmHPlE+RTq5hQSR1YdBF0oXccwpa1DoCoUpqGVuEi5Z81R0yGONiUZ1y6CByyr5sfB+h+zug==}
    engines: {node: ^20.19.0 || >=22.12.0}
    cpu: [arm64]
    os: [darwin]

  '@oxc-transform/binding-darwin-x64@0.134.0':
    resolution: {integrity: sha512-GGoMq5TL9nC9v8c9py6FJXGbFA9QfSjGGXk7crZxWMVdkL4sG1lTYgwdWAd7D9n3PaYUlEXjkntVPZQ00m2fLA==}
    engines: {node: ^20.19.0 || >=22.12.0}
    cpu: [x64]
    os: [darwin]

  '@oxc-transform/binding-freebsd-x64@0.134.0':
    resolution: {integrity: sha512-s2M2Hj4TCGy0IgX4taXxIHCxhkoOPtoO8uA4chs37kv0j2tfvA+GyVdbCpJ8hPXoLcQcexlkZ5IIy9vFGEqyfg==}
    engines: {node: ^20.19.0 || >=22.12.0}
    cpu: [x64]
    os: [freebsd]

  '@oxc-transform/binding-linux-arm-gnueabihf@0.134.0':
    resolution: {integrity: sha512-WqdkEqjp/vTDMjNz3E8IIjPdxlI8OYMcrigwCMaUHccDtpvSgyqkp2xGbIXXPE7Gj4z24z47ZoNkbzqkS3rRZA==}
    engines: {node: ^20.19.0 || >=22.12.0}
    cpu: [arm]
    os: [linux]

  '@oxc-transform/binding-linux-arm-musleabihf@0.134.0':
    resolution: {integrity: sha512-9cyEJ/3s1PBO/WL3ayE7rosaQe1As31OFY0XWNSSUHPH0Ug3hdxqGqNqiZ6pZC6Yi+pEB9ji4mMmXgCFyAsMfA==}
    engines: {node: ^20.19.0 || >=22.12.0}
    cpu: [arm]
    os: [linux]

  '@oxc-transform/binding-linux-arm64-gnu@0.134.0':
    resolution: {integrity: sha512-jk//CVndbPtbd+hAe2nzGpf18Zk5kECg28WTq0dS3Li0Oba9bwcpLzYKxsOZIuSDTav/CFIbgB7yp9m9uGo9QA==}
    engines: {node: ^20.19.0 || >=22.12.0}
    cpu: [arm64]
    os: [linux]

  '@oxc-transform/binding-linux-arm64-musl@0.134.0':
    resolution: {integrity: sha512-ZX6gntlu2D+i5ttgcJE4ZlifPpA/NgM5XQ7LpTqExAW/czS2ETLl1Z/pNEeHHJfX96M2+LEMwD8n/sP3+N4tnA==}
    engines: {node: ^20.19.0 || >=22.12.0}
    cpu: [arm64]
    os: [linux]

  '@oxc-transform/binding-linux-ppc64-gnu@0.134.0':
    resolution: {integrity: sha512-E+t8OubTV0E3PzzGKVt7E++qmPmttutiuTX2xOJODLs7tslRlmFvlvVdegBYwHJjNboIvRMZv9ytsj0JL4xMDg==}
    engines: {node: ^20.19.0 || >=22.12.0}
    cpu: [ppc64]
    os: [linux]

  '@oxc-transform/binding-linux-riscv64-gnu@0.134.0':
    resolution: {integrity: sha512-BJyas48z0fB/AtBsr/79bhW0q/Su3nOZYqnAFaWpTsbxo5uj1VOEhzLuysIN6kiHJSZupR+u4JAb+G5DWuxOyw==}
    engines: {node: ^20.19.0 || >=22.12.0}
    cpu: [riscv64]
    os: [linux]

  '@oxc-transform/binding-linux-riscv64-musl@0.134.0':
    resolution: {integrity: sha512-R1bb4r5p05z9tjV/YqxQg0nOBBTZxDVnMkFViyzueJg/1pvFmjprsrSY8S3tkuYXtVe1X1Uv7ZGw2HmGZQcwKg==}
    engines: {node: ^20.19.0 || >=22.12.0}
    cpu: [riscv64]
    os: [linux]

  '@oxc-transform/binding-linux-s390x-gnu@0.134.0':
    resolution: {integrity: sha512-yR+b0TcvULHp6h9jyWAO5LODfySo+F9CilJTaw+ASRcvKYrdtEmFN1kU3Uf/Y5R+6lOYutBiRDkIuXyK+v7kJQ==}
    engines: {node: ^20.19.0 || >=22.12.0}
    cpu: [s390x]
    os: [linux]

  '@oxc-transform/binding-linux-x64-gnu@0.134.0':
    resolution: {integrity: sha512-Nh7HGNJtOfn/+yXi9PqhBh4DGuHfGOooqqXEDcM+TXBnmIJDZCbg6pldXdYZteVxUNT2r6L9AglHOn4qsqCI1g==}
    engines: {node: ^20.19.0 || >=22.12.0}
    cpu: [x64]
    os: [linux]

  '@oxc-transform/binding-linux-x64-musl@0.134.0':
    resolution: {integrity: sha512-naHDp/8xNXU56gUPQUNkDZ/bj0staup5omtgn6eU5OAamfCLpfaQe7/7nWC2NeVHWfPIbAZyweJQGM9bGabjbg==}
    engines: {node: ^20.19.0 || >=22.12.0}
    cpu: [x64]
    os: [linux]

  '@oxc-transform/binding-openharmony-arm64@0.134.0':
    resolution: {integrity: sha512-z7p2afAt1dafhGdzs0cCh4wCKwveN9AjziwhWCJn5fVLqK7VN9duCOmVTrhHq2ugUelqLnGFsjUbc+QoaHKIxA==}
    engines: {node: ^20.19.0 || >=22.12.0}
    cpu: [arm64]
    os: [openharmony]

  '@oxc-transform/binding-wasm32-wasi@0.134.0':
    resolution: {integrity: sha512-k7WwCjSTZ87NijVvXmWeMYUe5lb84pgfjxG0qEHuksSQTJnd6vSRDrF2CgBjtFRg82iU6DIS6lUoGGmNGBGrPQ==}
    engines: {node: ^20.19.0 || >=22.12.0}
    cpu: [wasm32]

  '@oxc-transform/binding-win32-arm64-msvc@0.134.0':
    resolution: {integrity: sha512-AgQMRFy4q72ISL+47xtK/KKhljqFkzY3ubVi7wbx0234hrdQBUBuTJAspCDxATYd92XO2Um618YCE6JGmAitWg==}
    engines: {node: ^20.19.0 || >=22.12.0}
    cpu: [arm64]
    os: [win32]

  '@oxc-transform/binding-win32-ia32-msvc@0.134.0':
    resolution: {integrity: sha512-oCxVxV8WOK5F0NI1bQ96YgAztVwLNeb8MFB3JJamWa219IirZ7wGA6lU4qU0iGxDMt07ReJ+SG/KQC3gp262uA==}
    engines: {node: ^20.19.0 || >=22.12.0}
    cpu: [ia32]
    os: [win32]

  '@oxc-transform/binding-win32-x64-msvc@0.134.0':
    resolution: {integrity: sha512-GE7NXT5BFQTnH4MN6NMnD6mbOJ6y78LDjbPedPFn6HyKWgLLG5fm3d/U97hIHv04ehcUhuXoi00dIpvQD4q5Ig==}
    engines: {node: ^20.19.0 || >=22.12.0}
    cpu: [x64]
    os: [win32]

  '@oxfmt/binding-android-arm-eabi@0.53.0':
    resolution: {integrity: sha512-XfVM8AmIovBTKXCt14Op5wbfcoM8418nttd+nhMgM3RAVaJg1MtJc73FyWfUt0oxLyBGVwfniNVUsbV/b3VmPg==}
    engines: {node: ^20.19.0 || >=22.12.0}
    cpu: [arm]
    os: [android]

  '@oxfmt/binding-android-arm64@0.53.0':
    resolution: {integrity: sha512-btHDfXckwdf9zgyAVznfZkf+GVyB0I1m1hlvaOMRx2xoyz3hphfPX97s89J3wfCN8QBETLtk4lQUaeOkrMuQOg==}
    engines: {node: ^20.19.0 || >=22.12.0}
    cpu: [arm64]
    os: [android]

  '@oxfmt/binding-darwin-arm64@0.53.0':
    resolution: {integrity: sha512-k2RjMcSTkHjoOlsVGbL35JVzXL+oQco3GHPl/5kjebVF4oHNfE24In8F5isqBh9LBJucycWHKDXdGrCchdWcHQ==}
    engines: {node: ^20.19.0 || >=22.12.0}
    cpu: [arm64]
    os: [darwin]

  '@oxfmt/binding-darwin-x64@0.53.0':
    resolution: {integrity: sha512-65jIBE2H1l5SSs16fmv6/7b6sAx/WpvnsgDhVWK9qSjNFDUro7MPQ6q5UhpY7kl46yltfR046iAnxy/Bzqbiew==}
    engines: {node: ^20.19.0 || >=22.12.0}
    cpu: [x64]
    os: [darwin]

  '@oxfmt/binding-freebsd-x64@0.53.0':
    resolution: {integrity: sha512-oYe1gkz7U49PCYrS9147d2fJZj8mDI4Di6AvlsU5fu9p+Tq8S7qqOMSZjUiVTLX8bXuSA9Lk/tIxuegVjkNYRA==}
    engines: {node: ^20.19.0 || >=22.12.0}
    cpu: [x64]
    os: [freebsd]

  '@oxfmt/binding-linux-arm-gnueabihf@0.53.0':
    resolution: {integrity: sha512-ailB2vLzGi629tymdAb2VYJyEHref7oqGxP+tRBrtRBxQrb6NV55JMT7xtGZ8uTeG2+Y9zojqW4LhJYxQnz9Pg==}
    engines: {node: ^20.19.0 || >=22.12.0}
    cpu: [arm]
    os: [linux]

  '@oxfmt/binding-linux-arm-musleabihf@0.53.0':
    resolution: {integrity: sha512-abh4mWBvOvD966sobqF7r103y2yYx7Rb4WGHLOS4+5igGqLbbPxS9aK5+45D6iUY7dWMsk3Muz9a8gUtufvqJA==}
    engines: {node: ^20.19.0 || >=22.12.0}
    cpu: [arm]
    os: [linux]

  '@oxfmt/binding-linux-arm64-gnu@0.53.0':
    resolution: {integrity: sha512-z73PvuhJ8qA+cDbaiqbtopHglA91U4+y5wn2sTJJrnpB957d5P33FEuyP3DQIFd7ofljmDmfVT4G0CVGHZaJWg==}
    engines: {node: ^20.19.0 || >=22.12.0}
    cpu: [arm64]
    os: [linux]

  '@oxfmt/binding-linux-arm64-musl@0.53.0':
    resolution: {integrity: sha512-I6bhOTroqc3ThrwZ89l2k3ivKuELhdPLbAcJhRNyjWvlgwb0vjRgEnVL1XLx5Jud04/ypNRZBykAWrSk6l/D+g==}
    engines: {node: ^20.19.0 || >=22.12.0}
    cpu: [arm64]
    os: [linux]

  '@oxfmt/binding-linux-ppc64-gnu@0.53.0':
    resolution: {integrity: sha512-w0p3JzB/PkkQjXALMJMqP9YfP3yq4w6zGsu5kezQmUnxRkN3b/Theg2l/nDgBsOcczxS3gL6Gam5XNAVrO6QJQ==}
    engines: {node: ^20.19.0 || >=22.12.0}
    cpu: [ppc64]
    os: [linux]

  '@oxfmt/binding-linux-riscv64-gnu@0.53.0':
    resolution: {integrity: sha512-mzBhF6k1Yq1K/dqDmVe/AAafnlJfEpx7yfUiksyeWXJk5iSzZqBSxcsa02zIytYgQFRZ7h6WPZfwHg/DoOE1Kw==}
    engines: {node: ^20.19.0 || >=22.12.0}
    cpu: [riscv64]
    os: [linux]

  '@oxfmt/binding-linux-riscv64-musl@0.53.0':
    resolution: {integrity: sha512-AlFCpnRQhogQFzZXWbO6xB6/Udy745L+eQNmDPGg7G/OeWsYmJc4jZYfUN5pQg0reOPWSED2mOQqKZOJM1U8cA==}
    engines: {node: ^20.19.0 || >=22.12.0}
    cpu: [riscv64]
    os: [linux]

  '@oxfmt/binding-linux-s390x-gnu@0.53.0':
    resolution: {integrity: sha512-XD4ulY4f1DWbuuZXAqxhVn+gdPmrhnmojWtFN78ctVoupmS845fGhsUrk1HZXKQI+iymbaiz9vAjPsghHNQ7Ag==}
    engines: {node: ^20.19.0 || >=22.12.0}
    cpu: [s390x]
    os: [linux]

  '@oxfmt/binding-linux-x64-gnu@0.53.0':
    resolution: {integrity: sha512-xg8KWX0QnxmYWRe60CgHYWXI0ZOtBbqTsXvWiWrcl2XUHJ3fht2QerOk2iWvylzX3zNT2GpvBRxGoR4d3sxPRQ==}
    engines: {node: ^20.19.0 || >=22.12.0}
    cpu: [x64]
    os: [linux]

  '@oxfmt/binding-linux-x64-musl@0.53.0':
    resolution: {integrity: sha512-MWExpYBGvl+pIvVB/gj/CcWlN2al8AizT7rUbtaYaWNoQkhWARM6W3qpgoCr72CYSN9PborzPmM5MIRe2BrNdA==}
    engines: {node: ^20.19.0 || >=22.12.0}
    cpu: [x64]
    os: [linux]

  '@oxfmt/binding-openharmony-arm64@0.53.0':
    resolution: {integrity: sha512-u4sajgO4nxgmJIgc/y2AqPhkdbOkQH8WugXpA1+pW0ESQhvGZ1oGq61Q4xMbJHJU1hFgtO18QNrcFYDPYH0gwQ==}
    engines: {node: ^20.19.0 || >=22.12.0}
    cpu: [arm64]
    os: [openharmony]

  '@oxfmt/binding-win32-arm64-msvc@0.53.0':
    resolution: {integrity: sha512-Yq9sOZoIOJ5xPjO0qOyHJS4CiPuTkB2en9auxZz7Ar2p5RaC7BzLyVVmAA7zz9/L9YnjjY1DwNxN+ivKXimN/A==}
    engines: {node: ^20.19.0 || >=22.12.0}
    cpu: [arm64]
    os: [win32]

  '@oxfmt/binding-win32-ia32-msvc@0.53.0':
    resolution: {integrity: sha512-es1fVNZEkBqEcQtBpn19SYFgZF7FawlkCjkT/iImfEAus4gun8fBwB1E9hpV5LcR9B0DBNvRIXhW8BQk3JaE+Q==}
    engines: {node: ^20.19.0 || >=22.12.0}
    cpu: [ia32]
    os: [win32]

  '@oxfmt/binding-win32-x64-msvc@0.53.0':
    resolution: {integrity: sha512-QFmJs2bEu9AO4O6qsmEaZNGi6dFq8N+rT8EHAAnZIq/B9SeJDUbc4DzVxQ48MfDsL7D3sCZzo37zuTuspcURgg==}
    engines: {node: ^20.19.0 || >=22.12.0}
    cpu: [x64]
    os: [win32]

  '@tybys/wasm-util@0.10.2':
    resolution: {integrity: sha512-RoBvJ2X0wuKlWFIjrwffGw1IqZHKQqzIchKaadZZfnNpsAYp2mM0h36JtPCjNDAHGgYez/15uMBpfGwchhiMgg==}

  oxc-transform@0.134.0:
    resolution: {integrity: sha512-dclrs9Q37YQ+cWjf/XO1MonMBQ1Yl66VauCyCmTMyDwvay5pJTwbPczAgTR2JWxX+OUZ7qmBquJriFf0+SoCNA==}
    engines: {node: ^20.19.0 || >=22.12.0}

  oxfmt@0.53.0:
    resolution: {integrity: sha512-9cB5glS3Ip6NMuZ+6NYTao9FCWkDhRtPYCtR3QBu/NxHoFbgzzTvi41N4jxz/GqGfuLKspui1qb/LlSu2IbMcw==}
    engines: {node: ^20.19.0 || >=22.12.0}
    hasBin: true
    peerDependencies:
      svelte: ^5.0.0
      vite-plus: '*'
    peerDependenciesMeta:
      svelte:
        optional: true
      vite-plus:
        optional: true

  tinypool@2.1.0:
    resolution: {integrity: sha512-Pugqs6M0m7Lv1I7FtxN4aoyToKg1C4tu+/381vH35y8oENM/Ai7f7C4StcoK4/+BSw9ebcS8jRiVrORFKCALLw==}
    engines: {node: ^20.0.0 || >=22.0.0}

  tslib@2.8.1:
    resolution: {integrity: sha512-oJFu94HQb+KVduSUQL7wnpmqnfmLsOA/nAh6b6EH0wCEoK0/mPeXU6c3wKDV83MkOuHPRHtSXKKU99IBazS/2w==}

  typescript@6.0.3:
    resolution: {integrity: sha512-y2TvuxSZPDyQakkFRPZHKFm+KKVqIisdg9/CZwm9ftvKXLP8NRWj38/ODjNbr43SsoXqNuAisEf1GdCxqWcdBw==}
    engines: {node: '>=14.17'}
    hasBin: true

snapshots:

  '@emnapi/core@1.10.0':
    dependencies:
      '@emnapi/wasi-threads': 1.2.1
      tslib: 2.8.1
    optional: true

  '@emnapi/runtime@1.10.0':
    dependencies:
      tslib: 2.8.1
    optional: true

  '@emnapi/wasi-threads@1.2.1':
    dependencies:
      tslib: 2.8.1
    optional: true

  '@napi-rs/wasm-runtime@1.1.4(@emnapi/core@1.10.0)(@emnapi/runtime@1.10.0)':
    dependencies:
      '@emnapi/core': 1.10.0
      '@emnapi/runtime': 1.10.0
      '@tybys/wasm-util': 0.10.2
    optional: true

  '@oxc-transform/binding-android-arm-eabi@0.134.0':
    optional: true

  '@oxc-transform/binding-android-arm64@0.134.0':
    optional: true

  '@oxc-transform/binding-darwin-arm64@0.134.0':
    optional: true

  '@oxc-transform/binding-darwin-x64@0.134.0':
    optional: true

  '@oxc-transform/binding-freebsd-x64@0.134.0':
    optional: true

  '@oxc-transform/binding-linux-arm-gnueabihf@0.134.0':
    optional: true

  '@oxc-transform/binding-linux-arm-musleabihf@0.134.0':
    optional: true

  '@oxc-transform/binding-linux-arm64-gnu@0.134.0':
    optional: true

  '@oxc-transform/binding-linux-arm64-musl@0.134.0':
    optional: true

  '@oxc-transform/binding-linux-ppc64-gnu@0.134.0':
    optional: true

  '@oxc-transform/binding-linux-riscv64-gnu@0.134.0':
    optional: true

  '@oxc-transform/binding-linux-riscv64-musl@0.134.0':
    optional: true

  '@oxc-transform/binding-linux-s390x-gnu@0.134.0':
    optional: true

  '@oxc-transform/binding-linux-x64-gnu@0.134.0':
    optional: true

  '@oxc-transform/binding-linux-x64-musl@0.134.0':
    optional: true

  '@oxc-transform/binding-openharmony-arm64@0.134.0':
    optional: true

  '@oxc-transform/binding-wasm32-wasi@0.134.0':
    dependencies:
      '@emnapi/core': 1.10.0
      '@emnapi/runtime': 1.10.0
      '@napi-rs/wasm-runtime': 1.1.4(@emnapi/core@1.10.0)(@emnapi/runtime@1.10.0)
    optional: true

  '@oxc-transform/binding-win32-arm64-msvc@0.134.0':
    optional: true

  '@oxc-transform/binding-win32-ia32-msvc@0.134.0':
    optional: true

  '@oxc-transform/binding-win32-x64-msvc@0.134.0':
    optional: true

  '@oxfmt/binding-android-arm-eabi@0.53.0':
    optional: true

  '@oxfmt/binding-android-arm64@0.53.0':
    optional: true

  '@oxfmt/binding-darwin-arm64@0.53.0':
    optional: true

  '@oxfmt/binding-darwin-x64@0.53.0':
    optional: true

  '@oxfmt/binding-freebsd-x64@0.53.0':
    optional: true

  '@oxfmt/binding-linux-arm-gnueabihf@0.53.0':
    optional: true

  '@oxfmt/binding-linux-arm-musleabihf@0.53.0':
    optional: true

  '@oxfmt/binding-linux-arm64-gnu@0.53.0':
    optional: true

  '@oxfmt/binding-linux-arm64-musl@0.53.0':
    optional: true

  '@oxfmt/binding-linux-ppc64-gnu@0.53.0':
    optional: true

  '@oxfmt/binding-linux-riscv64-gnu@0.53.0':
    optional: true

  '@oxfmt/binding-linux-riscv64-musl@0.53.0':
    optional: true

  '@oxfmt/binding-linux-s390x-gnu@0.53.0':
    optional: true

  '@oxfmt/binding-linux-x64-gnu@0.53.0':
    optional: true

  '@oxfmt/binding-linux-x64-musl@0.53.0':
    optional: true

  '@oxfmt/binding-openharmony-arm64@0.53.0':
    optional: true

  '@oxfmt/binding-win32-arm64-msvc@0.53.0':
    optional: true

  '@oxfmt/binding-win32-ia32-msvc@0.53.0':
    optional: true

  '@oxfmt/binding-win32-x64-msvc@0.53.0':
    optional: true

  '@tybys/wasm-util@0.10.2':
    dependencies:
      tslib: 2.8.1
    optional: true

  oxc-transform@0.134.0:
    optionalDependencies:
      '@oxc-transform/binding-android-arm-eabi': 0.134.0
      '@oxc-transform/binding-android-arm64': 0.134.0
      '@oxc-transform/binding-darwin-arm64': 0.134.0
      '@oxc-transform/binding-darwin-x64': 0.134.0
      '@oxc-transform/binding-freebsd-x64': 0.134.0
      '@oxc-transform/binding-linux-arm-gnueabihf': 0.134.0
      '@oxc-transform/binding-linux-arm-musleabihf': 0.134.0
      '@oxc-transform/binding-linux-arm64-gnu': 0.134.0
      '@oxc-transform/binding-linux-arm64-musl': 0.134.0
      '@oxc-transform/binding-linux-ppc64-gnu': 0.134.0
      '@oxc-transform/binding-linux-riscv64-gnu': 0.134.0
      '@oxc-transform/binding-linux-riscv64-musl': 0.134.0
      '@oxc-transform/binding-linux-s390x-gnu': 0.134.0
      '@oxc-transform/binding-linux-x64-gnu': 0.134.0
      '@oxc-transform/binding-linux-x64-musl': 0.134.0
      '@oxc-transform/binding-openharmony-arm64': 0.134.0
      '@oxc-transform/binding-wasm32-wasi': 0.134.0
      '@oxc-transform/binding-win32-arm64-msvc': 0.134.0
      '@oxc-transform/binding-win32-ia32-msvc': 0.134.0
      '@oxc-transform/binding-win32-x64-msvc': 0.134.0

  oxfmt@0.53.0:
    dependencies:
      tinypool: 2.1.0
    optionalDependencies:
      '@oxfmt/binding-android-arm-eabi': 0.53.0
      '@oxfmt/binding-android-arm64': 0.53.0
      '@oxfmt/binding-darwin-arm64': 0.53.0
      '@oxfmt/binding-darwin-x64': 0.53.0
      '@oxfmt/binding-freebsd-x64': 0.53.0
      '@oxfmt/binding-linux-arm-gnueabihf': 0.53.0
      '@oxfmt/binding-linux-arm-musleabihf': 0.53.0
      '@oxfmt/binding-linux-arm64-gnu': 0.53.0
      '@oxfmt/binding-linux-arm64-musl': 0.53.0
      '@oxfmt/binding-linux-ppc64-gnu': 0.53.0
      '@oxfmt/binding-linux-riscv64-gnu': 0.53.0
      '@oxfmt/binding-linux-riscv64-musl': 0.53.0
      '@oxfmt/binding-linux-s390x-gnu': 0.53.0
      '@oxfmt/binding-linux-x64-gnu': 0.53.0
      '@oxfmt/binding-linux-x64-musl': 0.53.0
      '@oxfmt/binding-openharmony-arm64': 0.53.0
      '@oxfmt/binding-win32-arm64-msvc': 0.53.0
      '@oxfmt/binding-win32-ia32-msvc': 0.53.0
      '@oxfmt/binding-win32-x64-msvc': 0.53.0

  tinypool@2.1.0: {}

  tslib@2.8.1:
    optional: true

  typescript@6.0.3: {}
